// !$*UTF8*$!
{
	archiveVersion = 1;
	classes = {
	};
	objectVersion = 46;
	objects = {

/* Begin PBXBuildFile section */
		285347D1188695D900CCE831 /* Foundation.framework in Frameworks */ = {isa = PBXBuildFile; fileRef = 285347D0188695D900CCE831 /* Foundation.framework */; };
		285347D3188695D900CCE831 /* CoreGraphics.framework in Frameworks */ = {isa = PBXBuildFile; fileRef = 285347D2188695D900CCE831 /* CoreGraphics.framework */; };
		285347D5188695D900CCE831 /* UIKit.framework in Frameworks */ = {isa = PBXBuildFile; fileRef = 285347D4188695D900CCE831 /* UIKit.framework */; };
		285347DB188695D900CCE831 /* InfoPlist.strings in Resources */ = {isa = PBXBuildFile; fileRef = 285347D9188695D900CCE831 /* InfoPlist.strings */; };
		285347DD188695D900CCE831 /* main.m in Sources */ = {isa = PBXBuildFile; fileRef = 285347DC188695D900CCE831 /* main.m */; };
		285347E1188695D900CCE831 /* CHAppDelegate.m in Sources */ = {isa = PBXBuildFile; fileRef = 285347E0188695D900CCE831 /* CHAppDelegate.m */; };
		285347E3188695D900CCE831 /* Images.xcassets in Resources */ = {isa = PBXBuildFile; fileRef = 285347E2188695D900CCE831 /* Images.xcassets */; };
		285347EA188695D900CCE831 /* XCTest.framework in Frameworks */ = {isa = PBXBuildFile; fileRef = 285347E9188695D900CCE831 /* XCTest.framework */; };
		285347EB188695D900CCE831 /* Foundation.framework in Frameworks */ = {isa = PBXBuildFile; fileRef = 285347D0188695D900CCE831 /* Foundation.framework */; };
		285347EC188695D900CCE831 /* UIKit.framework in Frameworks */ = {isa = PBXBuildFile; fileRef = 285347D4188695D900CCE831 /* UIKit.framework */; };
		285347F4188695D900CCE831 /* InfoPlist.strings in Resources */ = {isa = PBXBuildFile; fileRef = 285347F2188695D900CCE831 /* InfoPlist.strings */; };
		285347F6188695D900CCE831 /* InfinitePagingScrollViewDemoTests.m in Sources */ = {isa = PBXBuildFile; fileRef = 285347F5188695D900CCE831 /* InfinitePagingScrollViewDemoTests.m */; };
		28534802188696C400CCE831 /* CHInfinitePagingScrollView.m in Sources */ = {isa = PBXBuildFile; fileRef = 28534801188696C400CCE831 /* CHInfinitePagingScrollView.m */; };
		28534806188696FF00CCE831 /* CHTestViewController.m in Sources */ = {isa = PBXBuildFile; fileRef = 28534804188696FF00CCE831 /* CHTestViewController.m */; };
		28534807188696FF00CCE831 /* CHTestViewController.xib in Resources */ = {isa = PBXBuildFile; fileRef = 28534805188696FF00CCE831 /* CHTestViewController.xib */; };
/* End PBXBuildFile section */

/* Begin PBXContainerItemProxy section */
		285347ED188695D900CCE831 /* PBXContainerItemProxy */ = {
			isa = PBXContainerItemProxy;
			containerPortal = 285347C5188695D900CCE831 /* Project object */;
			proxyType = 1;
			remoteGlobalIDString = 285347CC188695D900CCE831;
			remoteInfo = InfinitePagingScrollViewDemo;
		};
/* End PBXContainerItemProxy section */

/* Begin PBXFileReference section */
		285347CD188695D900CCE831 /* InfinitePagingScrollViewDemo.app */ = {isa = PBXFileReference; explicitFileType = wrapper.application; includeInIndex = 0; path = InfinitePagingScrollViewDemo.app; sourceTree = BUILT_PRODUCTS_DIR; };
		285347D0188695D900CCE831 /* Foundation.framework */ = {isa = PBXFileReference; lastKnownFileType = wrapper.framework; name = Foundation.framework; path = System/Library/Frameworks/Foundation.framework; sourceTree = SDKROOT; };
		285347D2188695D900CCE831 /* CoreGraphics.framework */ = {isa = PBXFileReference; lastKnownFileType = wrapper.framework; name = CoreGraphics.framework; path = System/Library/Frameworks/CoreGraphics.framework; sourceTree = SDKROOT; };
		285347D4188695D900CCE831 /* UIKit.framework */ = {isa = PBXFileReference; lastKnownFileType = wrapper.framework; name = UIKit.framework; path = System/Library/Frameworks/UIKit.framework; sourceTree = SDKROOT; };
		285347D8188695D900CCE831 /* InfinitePagingScrollViewDemo-Info.plist */ = {isa = PBXFileReference; lastKnownFileType = text.plist.xml; path = "InfinitePagingScrollViewDemo-Info.plist"; sourceTree = "<group>"; };
		285347DA188695D900CCE831 /* en */ = {isa = PBXFileReference; lastKnownFileType = text.plist.strings; name = en; path = en.lproj/InfoPlist.strings; sourceTree = "<group>"; };
		285347DC188695D900CCE831 /* main.m */ = {isa = PBXFileReference; lastKnownFileType = sourcecode.c.objc; path = main.m; sourceTree = "<group>"; };
		285347DE188695D900CCE831 /* InfinitePagingScrollViewDemo-Prefix.pch */ = {isa = PBXFileReference; lastKnownFileType = sourcecode.c.h; path = "InfinitePagingScrollViewDemo-Prefix.pch"; sourceTree = "<group>"; };
		285347DF188695D900CCE831 /* CHAppDelegate.h */ = {isa = PBXFileReference; lastKnownFileType = sourcecode.c.h; path = CHAppDelegate.h; sourceTree = "<group>"; };
		285347E0188695D900CCE831 /* CHAppDelegate.m */ = {isa = PBXFileReference; lastKnownFileType = sourcecode.c.objc; path = CHAppDelegate.m; sourceTree = "<group>"; };
		285347E2188695D900CCE831 /* Images.xcassets */ = {isa = PBXFileReference; lastKnownFileType = folder.assetcatalog; path = Images.xcassets; sourceTree = "<group>"; };
		285347E8188695D900CCE831 /* InfinitePagingScrollViewDemoTests.xctest */ = {isa = PBXFileReference; explicitFileType = wrapper.cfbundle; includeInIndex = 0; path = InfinitePagingScrollViewDemoTests.xctest; sourceTree = BUILT_PRODUCTS_DIR; };
		285347E9188695D900CCE831 /* XCTest.framework */ = {isa = PBXFileReference; lastKnownFileType = wrapper.framework; name = XCTest.framework; path = Library/Frameworks/XCTest.framework; sourceTree = DEVELOPER_DIR; };
		285347F1188695D900CCE831 /* InfinitePagingScrollViewDemoTests-Info.plist */ = {isa = PBXFileReference; lastKnownFileType = text.plist.xml; path = "InfinitePagingScrollViewDemoTests-Info.plist"; sourceTree = "<group>"; };
		285347F3188695D900CCE831 /* en */ = {isa = PBXFileReference; lastKnownFileType = text.plist.strings; name = en; path = en.lproj/InfoPlist.strings; sourceTree = "<group>"; };
		285347F5188695D900CCE831 /* InfinitePagingScrollViewDemoTests.m */ = {isa = PBXFileReference; lastKnownFileType = sourcecode.c.objc; path = InfinitePagingScrollViewDemoTests.m; sourceTree = "<group>"; };
		28534800188696C400CCE831 /* CHInfinitePagingScrollView.h */ = {isa = PBXFileReference; fileEncoding = 4; lastKnownFileType = sourcecode.c.h; path = CHInfinitePagingScrollView.h; sourceTree = "<group>"; };
		28534801188696C400CCE831 /* CHInfinitePagingScrollView.m */ = {isa = PBXFileReference; fileEncoding = 4; lastKnownFileType = sourcecode.c.objc; path = CHInfinitePagingScrollView.m; sourceTree = "<group>"; };
		28534803188696FF00CCE831 /* CHTestViewController.h */ = {isa = PBXFileReference; fileEncoding = 4; lastKnownFileType = sourcecode.c.h; path = CHTestViewController.h; sourceTree = "<group>"; };
		28534804188696FF00CCE831 /* CHTestViewController.m */ = {isa = PBXFileReference; fileEncoding = 4; lastKnownFileType = sourcecode.c.objc; path = CHTestViewController.m; sourceTree = "<group>"; };
		28534805188696FF00CCE831 /* CHTestViewController.xib */ = {isa = PBXFileReference; fileEncoding = 4; lastKnownFileType = file.xib; path = CHTestViewController.xib; sourceTree = "<group>"; };
/* End PBXFileReference section */

/* Begin PBXFrameworksBuildPhase section */
		285347CA188695D900CCE831 /* Frameworks */ = {
			isa = PBXFrameworksBuildPhase;
			buildActionMask = 2147483647;
			files = (
				285347D3188695D900CCE831 /* CoreGraphics.framework in Frameworks */,
				285347D5188695D900CCE831 /* UIKit.framework in Frameworks */,
				285347D1188695D900CCE831 /* Foundation.framework in Frameworks */,
			);
			runOnlyForDeploymentPostprocessing = 0;
		};
		285347E5188695D900CCE831 /* Frameworks */ = {
			isa = PBXFrameworksBuildPhase;
			buildActionMask = 2147483647;
			files = (
				285347EA188695D900CCE831 /* XCTest.framework in Frameworks */,
				285347EC188695D900CCE831 /* UIKit.framework in Frameworks */,
				285347EB188695D900CCE831 /* Foundation.framework in Frameworks */,
			);
			runOnlyForDeploymentPostprocessing = 0;
		};
/* End PBXFrameworksBuildPhase section */

/* Begin PBXGroup section */
		285347C4188695D900CCE831 = {
			isa = PBXGroup;
			children = (
				285347FF188696C400CCE831 /* CHInfinitePagingScrollView */,
				285347D6188695D900CCE831 /* InfinitePagingScrollViewDemo */,
				285347EF188695D900CCE831 /* InfinitePagingScrollViewDemoTests */,
				285347CF188695D900CCE831 /* Frameworks */,
				285347CE188695D900CCE831 /* Products */,
			);
			sourceTree = "<group>";
		};
		285347CE188695D900CCE831 /* Products */ = {
			isa = PBXGroup;
			children = (
				285347CD188695D900CCE831 /* InfinitePagingScrollViewDemo.app */,
				285347E8188695D900CCE831 /* InfinitePagingScrollViewDemoTests.xctest */,
			);
			name = Products;
			sourceTree = "<group>";
		};
		285347CF188695D900CCE831 /* Frameworks */ = {
			isa = PBXGroup;
			children = (
				285347D0188695D900CCE831 /* Foundation.framework */,
				285347D2188695D900CCE831 /* CoreGraphics.framework */,
				285347D4188695D900CCE831 /* UIKit.framework */,
				285347E9188695D900CCE831 /* XCTest.framework */,
			);
			name = Frameworks;
			sourceTree = "<group>";
		};
		285347D6188695D900CCE831 /* InfinitePagingScrollViewDemo */ = {
			isa = PBXGroup;
			children = (
				285347DF188695D900CCE831 /* CHAppDelegate.h */,
				285347E0188695D900CCE831 /* CHAppDelegate.m */,
				28534803188696FF00CCE831 /* CHTestViewController.h */,
				28534804188696FF00CCE831 /* CHTestViewController.m */,
				28534805188696FF00CCE831 /* CHTestViewController.xib */,
				285347E2188695D900CCE831 /* Images.xcassets */,
				285347D7188695D900CCE831 /* Supporting Files */,
			);
			path = InfinitePagingScrollViewDemo;
			sourceTree = "<group>";
		};
		285347D7188695D900CCE831 /* Supporting Files */ = {
			isa = PBXGroup;
			children = (
				285347D8188695D900CCE831 /* InfinitePagingScrollViewDemo-Info.plist */,
				285347D9188695D900CCE831 /* InfoPlist.strings */,
				285347DC188695D900CCE831 /* main.m */,
				285347DE188695D900CCE831 /* InfinitePagingScrollViewDemo-Prefix.pch */,
			);
			name = "Supporting Files";
			sourceTree = "<group>";
		};
		285347EF188695D900CCE831 /* InfinitePagingScrollViewDemoTests */ = {
			isa = PBXGroup;
			children = (
				285347F5188695D900CCE831 /* InfinitePagingScrollViewDemoTests.m */,
				285347F0188695D900CCE831 /* Supporting Files */,
			);
			path = InfinitePagingScrollViewDemoTests;
			sourceTree = "<group>";
		};
		285347F0188695D900CCE831 /* Supporting Files */ = {
			isa = PBXGroup;
			children = (
				285347F1188695D900CCE831 /* InfinitePagingScrollViewDemoTests-Info.plist */,
				285347F2188695D900CCE831 /* InfoPlist.strings */,
			);
			name = "Supporting Files";
			sourceTree = "<group>";
		};
		285347FF188696C400CCE831 /* CHInfinitePagingScrollView */ = {
			isa = PBXGroup;
			children = (
				28534800188696C400CCE831 /* CHInfinitePagingScrollView.h */,
				28534801188696C400CCE831 /* CHInfinitePagingScrollView.m */,
			);
			name = CHInfinitePagingScrollView;
			path = ../CHInfinitePagingScrollView;
			sourceTree = "<group>";
		};
/* End PBXGroup section */

/* Begin PBXNativeTarget section */
		285347CC188695D900CCE831 /* InfinitePagingScrollViewDemo */ = {
			isa = PBXNativeTarget;
			buildConfigurationList = 285347F9188695D900CCE831 /* Build configuration list for PBXNativeTarget "InfinitePagingScrollViewDemo" */;
			buildPhases = (
				285347C9188695D900CCE831 /* Sources */,
				285347CA188695D900CCE831 /* Frameworks */,
				285347CB188695D900CCE831 /* Resources */,
			);
			buildRules = (
			);
			dependencies = (
			);
			name = InfinitePagingScrollViewDemo;
			productName = InfinitePagingScrollViewDemo;
			productReference = 285347CD188695D900CCE831 /* InfinitePagingScrollViewDemo.app */;
			productType = "com.apple.product-type.application";
		};
		285347E7188695D900CCE831 /* InfinitePagingScrollViewDemoTests */ = {
			isa = PBXNativeTarget;
			buildConfigurationList = 285347FC188695D900CCE831 /* Build configuration list for PBXNativeTarget "InfinitePagingScrollViewDemoTests" */;
			buildPhases = (
				285347E4188695D900CCE831 /* Sources */,
				285347E5188695D900CCE831 /* Frameworks */,
				285347E6188695D900CCE831 /* Resources */,
			);
			buildRules = (
			);
			dependencies = (
				285347EE188695D900CCE831 /* PBXTargetDependency */,
			);
			name = InfinitePagingScrollViewDemoTests;
			productName = InfinitePagingScrollViewDemoTests;
			productReference = 285347E8188695D900CCE831 /* InfinitePagingScrollViewDemoTests.xctest */;
			productType = "com.apple.product-type.bundle.unit-test";
		};
/* End PBXNativeTarget section */

/* Begin PBXProject section */
		285347C5188695D900CCE831 /* Project object */ = {
			isa = PBXProject;
			attributes = {
				CLASSPREFIX = CH;
				LastUpgradeCheck = 0500;
				ORGANIZATIONNAME = "Cristi Habliuc";
				TargetAttributes = {
					285347E7188695D900CCE831 = {
						TestTargetID = 285347CC188695D900CCE831;
					};
				};
			};
			buildConfigurationList = 285347C8188695D900CCE831 /* Build configuration list for PBXProject "InfinitePagingScrollViewDemo" */;
			compatibilityVersion = "Xcode 3.2";
			developmentRegion = English;
			hasScannedForEncodings = 0;
			knownRegions = (
				en,
			);
			mainGroup = 285347C4188695D900CCE831;
			productRefGroup = 285347CE188695D900CCE831 /* Products */;
			projectDirPath = "";
			projectRoot = "";
			targets = (
				285347CC188695D900CCE831 /* InfinitePagingScrollViewDemo */,
				285347E7188695D900CCE831 /* InfinitePagingScrollViewDemoTests */,
			);
		};
/* End PBXProject section */

/* Begin PBXResourcesBuildPhase section */
		285347CB188695D900CCE831 /* Resources */ = {
			isa = PBXResourcesBuildPhase;
			buildActionMask = 2147483647;
			files = (
				28534807188696FF00CCE831 /* CHTestViewController.xib in Resources */,
				285347DB188695D900CCE831 /* InfoPlist.strings in Resources */,
				285347E3188695D900CCE831 /* Images.xcassets in Resources */,
			);
			runOnlyForDeploymentPostprocessing = 0;
		};
		285347E6188695D900CCE831 /* Resources */ = {
			isa = PBXResourcesBuildPhase;
			buildActionMask = 2147483647;
			files = (
				285347F4188695D900CCE831 /* InfoPlist.strings in Resources */,
			);
			runOnlyForDeploymentPostprocessing = 0;
		};
/* End PBXResourcesBuildPhase section */

/* Begin PBXSourcesBuildPhase section */
		285347C9188695D900CCE831 /* Sources */ = {
			isa = PBXSourcesBuildPhase;
			buildActionMask = 2147483647;
			files = (
				28534802188696C400CCE831 /* CHInfinitePagingScrollView.m in Sources */,
				285347DD188695D900CCE831 /* main.m in Sources */,
				285347E1188695D900CCE831 /* CHAppDelegate.m in Sources */,
				28534806188696FF00CCE831 /* CHTestViewController.m in Sources */,
			);
			runOnlyForDeploymentPostprocessing = 0;
		};
		285347E4188695D900CCE831 /* Sources */ = {
			isa = PBXSourcesBuildPhase;
			buildActionMask = 2147483647;
			files = (
				285347F6188695D900CCE831 /* InfinitePagingScrollViewDemoTests.m in Sources */,
			);
			runOnlyForDeploymentPostprocessing = 0;
		};
/* End PBXSourcesBuildPhase section */

/* Begin PBXTargetDependency section */
		285347EE188695D900CCE831 /* PBXTargetDependency */ = {
			isa = PBXTargetDependency;
			target = 285347CC188695D900CCE831 /* InfinitePagingScrollViewDemo */;
			targetProxy = 285347ED188695D900CCE831 /* PBXContainerItemProxy */;
		};
/* End PBXTargetDependency section */

/* Begin PBXVariantGroup section */
		285347D9188695D900CCE831 /* InfoPlist.strings */ = {
			isa = PBXVariantGroup;
			children = (
				285347DA188695D900CCE831 /* en */,
			);
			name = InfoPlist.strings;
			sourceTree = "<group>";
		};
		285347F2188695D900CCE831 /* InfoPlist.strings */ = {
			isa = PBXVariantGroup;
			children = (
				285347F3188695D900CCE831 /* en */,
			);
			name = InfoPlist.strings;
			sourceTree = "<group>";
		};
/* End PBXVariantGroup section */

/* Begin XCBuildConfiguration section */
		285347F7188695D900CCE831 /* Debug */ = {
			isa = XCBuildConfiguration;
			buildSettings = {
				ALWAYS_SEARCH_USER_PATHS = NO;
				ARCHS = "$(ARCHS_STANDARD_INCLUDING_64_BIT)";
				CLANG_CXX_LANGUAGE_STANDARD = "gnu++0x";
				CLANG_CXX_LIBRARY = "libc++";
				CLANG_ENABLE_MODULES = YES;
				CLANG_ENABLE_OBJC_ARC = YES;
				CLANG_WARN_BOOL_CONVERSION = YES;
				CLANG_WARN_CONSTANT_CONVERSION = YES;
				CLANG_WARN_DIRECT_OBJC_ISA_USAGE = YES_ERROR;
				CLANG_WARN_EMPTY_BODY = YES;
				CLANG_WARN_ENUM_CONVERSION = YES;
				CLANG_WARN_INT_CONVERSION = YES;
				CLANG_WARN_OBJC_ROOT_CLASS = YES_ERROR;
				CLANG_WARN__DUPLICATE_METHOD_MATCH = YES;
				"CODE_SIGN_IDENTITY[sdk=iphoneos*]" = "iPhone Developer";
				COPY_PHASE_STRIP = NO;
				GCC_C_LANGUAGE_STANDARD = gnu99;
				GCC_DYNAMIC_NO_PIC = NO;
				GCC_OPTIMIZATION_LEVEL = 0;
				GCC_PREPROCESSOR_DEFINITIONS = (
					"DEBUG=1",
					"$(inherited)",
				);
				GCC_SYMBOLS_PRIVATE_EXTERN = NO;
				GCC_WARN_64_TO_32_BIT_CONVERSION = YES;
				GCC_WARN_ABOUT_RETURN_TYPE = YES_ERROR;
				GCC_WARN_UNDECLARED_SELECTOR = YES;
				GCC_WARN_UNINITIALIZED_AUTOS = YES;
				GCC_WARN_UNUSED_FUNCTION = YES;
				GCC_WARN_UNUSED_VARIABLE = YES;
				IPHONEOS_DEPLOYMENT_TARGET = 7.0;
				ONLY_ACTIVE_ARCH = YES;
				SDKROOT = iphoneos;
			};
			name = Debug;
		};
		285347F8188695D900CCE831 /* Release */ = {
			isa = XCBuildConfiguration;
			buildSettings = {
				ALWAYS_SEARCH_USER_PATHS = NO;
				ARCHS = "$(ARCHS_STANDARD_INCLUDING_64_BIT)";
				CLANG_CXX_LANGUAGE_STANDARD = "gnu++0x";
				CLANG_CXX_LIBRARY = "libc++";
				CLANG_ENABLE_MODULES = YES;
				CLANG_ENABLE_OBJC_ARC = YES;
				CLANG_WARN_BOOL_CONVERSION = YES;
				CLANG_WARN_CONSTANT_CONVERSION = YES;
				CLANG_WARN_DIRECT_OBJC_ISA_USAGE = YES_ERROR;
				CLANG_WARN_EMPTY_BODY = YES;
				CLANG_WARN_ENUM_CONVERSION = YES;
				CLANG_WARN_INT_CONVERSION = YES;
				CLANG_WARN_OBJC_ROOT_CLASS = YES_ERROR;
				CLANG_WARN__DUPLICATE_METHOD_MATCH = YES;
				"CODE_SIGN_IDENTITY[sdk=iphoneos*]" = "iPhone Developer";
				COPY_PHASE_STRIP = YES;
				ENABLE_NS_ASSERTIONS = NO;
				GCC_C_LANGUAGE_STANDARD = gnu99;
				GCC_WARN_64_TO_32_BIT_CONVERSION = YES;
				GCC_WARN_ABOUT_RETURN_TYPE = YES_ERROR;
				GCC_WARN_UNDECLARED_SELECTOR = YES;
				GCC_WARN_UNINITIALIZED_AUTOS = YES;
				GCC_WARN_UNUSED_FUNCTION = YES;
				GCC_WARN_UNUSED_VARIABLE = YES;
				IPHONEOS_DEPLOYMENT_TARGET = 7.0;
				SDKROOT = iphoneos;
				VALIDATE_PRODUCT = YES;
			};
			name = Release;
		};
		285347FA188695D900CCE831 /* Debug */ = {
			isa = XCBuildConfiguration;
			buildSettings = {
				ASSETCATALOG_COMPILER_APPICON_NAME = AppIcon;
				ASSETCATALOG_COMPILER_LAUNCHIMAGE_NAME = LaunchImage;
				GCC_PRECOMPILE_PREFIX_HEADER = YES;
				GCC_PREFIX_HEADER = "InfinitePagingScrollViewDemo/InfinitePagingScrollViewDemo-Prefix.pch";
				INFOPLIST_FILE = "InfinitePagingScrollViewDemo/InfinitePagingScrollViewDemo-Info.plist";
				PRODUCT_NAME = "$(TARGET_NAME)";
				WRAPPER_EXTENSION = app;
			};
			name = Debug;
		};
		285347FB188695D900CCE831 /* Release */ = {
			isa = XCBuildConfiguration;
			buildSettings = {
				ASSETCATALOG_COMPILER_APPICON_NAME = AppIcon;
				ASSETCATALOG_COMPILER_LAUNCHIMAGE_NAME = LaunchImage;
				GCC_PRECOMPILE_PREFIX_HEADER = YES;
				GCC_PREFIX_HEADER = "InfinitePagingScrollViewDemo/InfinitePagingScrollViewDemo-Prefix.pch";
				INFOPLIST_FILE = "InfinitePagingScrollViewDemo/InfinitePagingScrollViewDemo-Info.plist";
				PRODUCT_NAME = "$(TARGET_NAME)";
				WRAPPER_EXTENSION = app;
			};
			name = Release;
		};
		285347FD188695D900CCE831 /* Debug */ = {
			isa = XCBuildConfiguration;
			buildSettings = {
				ARCHS = "$(ARCHS_STANDARD_INCLUDING_64_BIT)";
				BUNDLE_LOADER = "$(BUILT_PRODUCTS_DIR)/InfinitePagingScrollViewDemo.app/InfinitePagingScrollViewDemo";
				FRAMEWORK_SEARCH_PATHS = (
					"$(SDKROOT)/Developer/Library/Frameworks",
					"$(inherited)",
					"$(DEVELOPER_FRAMEWORKS_DIR)",
				);
				GCC_PRECOMPILE_PREFIX_HEADER = YES;
				GCC_PREFIX_HEADER = "InfinitePagingScrollViewDemo/InfinitePagingScrollViewDemo-Prefix.pch";
				GCC_PREPROCESSOR_DEFINITIONS = (
					"DEBUG=1",
					"$(inherited)",
				);
				INFOPLIST_FILE = "InfinitePagingScrollViewDemoTests/InfinitePagingScrollViewDemoTests-Info.plist";
				PRODUCT_NAME = "$(TARGET_NAME)";
				TEST_HOST = "$(BUNDLE_LOADER)";
				WRAPPER_EXTENSION = xctest;
			};
			name = Debug;
		};
		285347FE188695D900CCE831 /* Release */ = {
			isa = XCBuildConfiguration;
			buildSettings = {
				ARCHS = "$(ARCHS_STANDARD_INCLUDING_64_BIT)";
				BUNDLE_LOADER = "$(BUILT_PRODUCTS_DIR)/InfinitePagingScrollViewDemo.app/InfinitePagingScrollViewDemo";
				FRAMEWORK_SEARCH_PATHS = (
					"$(SDKROOT)/Developer/Library/Frameworks",
					"$(inherited)",
					"$(DEVELOPER_FRAMEWORKS_DIR)",
				);
				GCC_PRECOMPILE_PREFIX_HEADER = YES;
				GCC_PREFIX_HEADER = "InfinitePagingScrollViewDemo/InfinitePagingScrollViewDemo-Prefix.pch";
				INFOPLIST_FILE = "InfinitePagingScrollViewDemoTests/InfinitePagingScrollViewDemoTests-Info.plist";
				PRODUCT_NAME = "$(TARGET_NAME)";
				TEST_HOST = "$(BUNDLE_LOADER)";
				WRAPPER_EXTENSION = xctest;
			};
			name = Release;
		};
/* End XCBuildConfiguration section */

/* Begin XCConfigurationList section */
		285347C8188695D900CCE831 /* Build configuration list for PBXProject "InfinitePagingScrollViewDemo" */ = {
			isa = XCConfigurationList;
			buildConfigurations = (
				285347F7188695D900CCE831 /* Debug */,
				285347F8188695D900CCE831 /* Release */,
			);
			defaultConfigurationIsVisible = 0;
			defaultConfigurationName = Release;
		};
		285347F9188695D900CCE831 /* Build configuration list for PBXNativeTarget "InfinitePagingScrollViewDemo" */ = {
			isa = XCConfigurationList;
			buildConfigurations = (
				285347FA188695D900CCE831 /* Debug */,
				285347FB188695D900CCE831 /* Release */,
			);
			defaultConfigurationIsVisible = 0;
		};
		285347FC188695D900CCE831 /* Build configuration list for PBXNativeTarget "InfinitePagingScrollViewDemoTests" */ = {
			isa = XCConfigurationList;
			buildConfigurations = (
				285347FD188695D900CCE831 /* Debug */,
				285347FE188695D900CCE831 /* Release */,
			);
			defaultConfigurationIsVisible = 0;
		};
/* End XCConfigurationList section */
	};
	rootObject = 285347C5188695D900CCE831 /* Project object */;
}
